
Microsoft Visual Studio Solution File, Format Version 12.00
# Visual Studio Version 16
VisualStudioVersion = 16.0.29920.165
MinimumVisualStudioVersion = 10.0.40219.1
Project("{9A19103F-16F7-4668-BE54-9A1E7A4F7556}") = "QuizApplication", "QuizApplication\QuizApplication.csproj", "{82934EDA-A780-4BBF-84BF-70C23A29BE84}"
EndProject
Project("{FAE04EC0-301F-11D3-BF4B-00C04F79EFBC}") = "QuizApplication.Contracts", "API Contracts\QuizApplication.Contracts\QuizApplication.Contracts.csproj", "{31723926-4B2B-48E1-AD14-325802DE9209}"
EndProject
Project("{FAE04EC0-301F-11D3-BF4B-00C04F79EFBC}") = "QuizApplication.Infrastructure.AppContext", "API Infrastructure\QuizApplication.Infrastructure.AppContext\QuizApplication.Infrastructure.AppContext.csproj", "{D83DF872-D5D1-4712-935D-6CC8C7B429BF}"
EndProject
Global
	GlobalSection(SolutionConfigurationPlatforms) = preSolution
		Debug|Any CPU = Debug|Any CPU
		Release|Any CPU = Release|Any CPU
	EndGlobalSection
	GlobalSection(ProjectConfigurationPlatforms) = postSolution
		{82934EDA-A780-4BBF-84BF-70C23A29BE84}.Debug|Any CPU.ActiveCfg = Debug|Any CPU
		{82934EDA-A780-4BBF-84BF-70C23A29BE84}.Debug|Any CPU.Build.0 = Debug|Any CPU
		{82934EDA-A780-4BBF-84BF-70C23A29BE84}.Release|Any CPU.ActiveCfg = Release|Any CPU
		{82934EDA-A780-4BBF-84BF-70C23A29BE84}.Release|Any CPU.Build.0 = Release|Any CPU
		{31723926-4B2B-48E1-AD14-325802DE9209}.Debug|Any CPU.ActiveCfg = Debug|Any CPU
		{31723926-4B2B-48E1-AD14-325802DE9209}.Debug|Any CPU.Build.0 = Debug|Any CPU
		{31723926-4B2B-48E1-AD14-325802DE9209}.Release|Any CPU.ActiveCfg = Release|Any CPU
		{31723926-4B2B-48E1-AD14-325802DE9209}.Release|Any CPU.Build.0 = Release|Any CPU
		{D83DF872-D5D1-4712-935D-6CC8C7B429BF}.Debug|Any CPU.ActiveCfg = Debug|Any CPU
		{D83DF872-D5D1-4712-935D-6CC8C7B429BF}.Debug|Any CPU.Build.0 = Debug|Any CPU
		{D83DF872-D5D1-4712-935D-6CC8C7B429BF}.Release|Any CPU.ActiveCfg = Release|Any CPU
		{D83DF872-D5D1-4712-935D-6CC8C7B429BF}.Release|Any CPU.Build.0 = Release|Any CPU
	EndGlobalSection
	GlobalSection(SolutionProperties) = preSolution
		HideSolutionNode = FALSE
	EndGlobalSection
	GlobalSection(ExtensibilityGlobals) = postSolution
		SolutionGuid = {B0DDA15C-8022-4D63-A468-D5477FD59EB9}
	EndGlobalSection
EndGlobal
